# THIS IS AN AUTOGENERATED FILE. DO NOT EDIT THIS FILE DIRECTLY.
# yarn lockfile v1


command-exists@^1.2.9:
  version "1.2.9"
  resolved "https://registry.yarnpkg.com/command-exists/-/command-exists-1.2.9.tgz#c50725af3808c8ab0260fd60b01fbfa25b954f69"
  integrity sha512-LTQ/SGc+s0Xc0Fu5WaKnR0YiygZkm9eKFvyS+fRsU7/ZWFF8ykFM6Pc9aCVf1+xasOOZpO3BAVgVrKvsqKHV7w==

node-figlet@^0.0.0:
  version "0.0.0"
  resolved "https://registry.yarnpkg.com/node-figlet/-/node-figlet-0.0.0.tgz#2fb9a446a201f64d78e8d1dd365766d4bc7e05bc"
  integrity sha1-L7mkRqIB9k146NHdNldm1Lx+Bbw=
